
Microsoft Visual Studio Solution File, Format Version 12.00
# Visual Studio Version 16
VisualStudioVersion = 16.0.30128.74
MinimumVisualStudioVersion = 10.0.40219.1
Project("{9A19103F-16F7-4668-BE54-9A1E7A4F7556}") = "FibonacciSequence.API", "FibonacciSequence.API\FibonacciSequence.API.csproj", "{83770490-6C56-4A90-8293-0BF7651C5242}"
EndProject
Project("{9A19103F-16F7-4668-BE54-9A1E7A4F7556}") = "FibonnaciSequence.ClassLibrary", "FibonnaciSequence.ClassLibrary\FibonnaciSequence.ClassLibrary.csproj", "{65E26F71-95E0-4404-85D7-73519873743A}"
EndProject
Project("{FAE04EC0-301F-11D3-BF4B-00C04F79EFBC}") = "BusinessUnitTest", "BusinessUnitTest\BusinessUnitTest.csproj", "{24038D83-CAD3-41FF-9960-49FC9585990A}"
EndProject
Global
	GlobalSection(SolutionConfigurationPlatforms) = preSolution
		Debug|Any CPU = Debug|Any CPU
		Release|Any CPU = Release|Any CPU
	EndGlobalSection
	GlobalSection(ProjectConfigurationPlatforms) = postSolution
		{83770490-6C56-4A90-8293-0BF7651C5242}.Debug|Any CPU.ActiveCfg = Debug|Any CPU
		{83770490-6C56-4A90-8293-0BF7651C5242}.Debug|Any CPU.Build.0 = Debug|Any CPU
		{83770490-6C56-4A90-8293-0BF7651C5242}.Release|Any CPU.ActiveCfg = Release|Any CPU
		{83770490-6C56-4A90-8293-0BF7651C5242}.Release|Any CPU.Build.0 = Release|Any CPU
		{65E26F71-95E0-4404-85D7-73519873743A}.Debug|Any CPU.ActiveCfg = Debug|Any CPU
		{65E26F71-95E0-4404-85D7-73519873743A}.Debug|Any CPU.Build.0 = Debug|Any CPU
		{65E26F71-95E0-4404-85D7-73519873743A}.Release|Any CPU.ActiveCfg = Release|Any CPU
		{65E26F71-95E0-4404-85D7-73519873743A}.Release|Any CPU.Build.0 = Release|Any CPU
		{24038D83-CAD3-41FF-9960-49FC9585990A}.Debug|Any CPU.ActiveCfg = Debug|Any CPU
		{24038D83-CAD3-41FF-9960-49FC9585990A}.Debug|Any CPU.Build.0 = Debug|Any CPU
		{24038D83-CAD3-41FF-9960-49FC9585990A}.Release|Any CPU.ActiveCfg = Release|Any CPU
		{24038D83-CAD3-41FF-9960-49FC9585990A}.Release|Any CPU.Build.0 = Release|Any CPU
	EndGlobalSection
	GlobalSection(SolutionProperties) = preSolution
		HideSolutionNode = FALSE
	EndGlobalSection
	GlobalSection(ExtensibilityGlobals) = postSolution
		SolutionGuid = {0DE71531-CBB1-4390-9EC0-40C7DEDE3BAE}
	EndGlobalSection
EndGlobal
